
Microsoft Visual Studio Solution File, Format Version 12.00
# Visual Studio Version 16
VisualStudioVersion = 16.0.31205.134
MinimumVisualStudioVersion = 10.0.40219.1
Project("{9A19103F-16F7-4668-BE54-9A1E7A4F7556}") = "XamarinUtility", "XamarinUtility.csproj", "{F0C3A380-AF31-460A-AE14-F418365DD72C}"
EndProject
Project("{9A19103F-16F7-4668-BE54-9A1E7A4F7556}") = "CrossUtility", "..\..\CrossUtility\src\CrossUtility.csproj", "{36910DD6-F3BD-4C06-96B5-5E2A16919A3D}"
EndProject
Project("{9A19103F-16F7-4668-BE54-9A1E7A4F7556}") = "AuthClient", "..\..\AuthClient\src\AuthClient.csproj", "{88DE66A4-B55A-47DB-9C11-ADDC177F4B75}"
EndProject
Global
	GlobalSection(SolutionConfigurationPlatforms) = preSolution
		Debug|Any CPU = Debug|Any CPU
		Release|Any CPU = Release|Any CPU
	EndGlobalSection
	GlobalSection(ProjectConfigurationPlatforms) = postSolution
		{F0C3A380-AF31-460A-AE14-F418365DD72C}.Debug|Any CPU.ActiveCfg = Debug|Any CPU
		{F0C3A380-AF31-460A-AE14-F418365DD72C}.Debug|Any CPU.Build.0 = Debug|Any CPU
		{F0C3A380-AF31-460A-AE14-F418365DD72C}.Release|Any CPU.ActiveCfg = Release|Any CPU
		{F0C3A380-AF31-460A-AE14-F418365DD72C}.Release|Any CPU.Build.0 = Release|Any CPU
		{36910DD6-F3BD-4C06-96B5-5E2A16919A3D}.Debug|Any CPU.ActiveCfg = Debug|Any CPU
		{36910DD6-F3BD-4C06-96B5-5E2A16919A3D}.Debug|Any CPU.Build.0 = Debug|Any CPU
		{36910DD6-F3BD-4C06-96B5-5E2A16919A3D}.Release|Any CPU.ActiveCfg = Release|Any CPU
		{36910DD6-F3BD-4C06-96B5-5E2A16919A3D}.Release|Any CPU.Build.0 = Release|Any CPU
		{88DE66A4-B55A-47DB-9C11-ADDC177F4B75}.Debug|Any CPU.ActiveCfg = Debug|Any CPU
		{88DE66A4-B55A-47DB-9C11-ADDC177F4B75}.Debug|Any CPU.Build.0 = Debug|Any CPU
		{88DE66A4-B55A-47DB-9C11-ADDC177F4B75}.Release|Any CPU.ActiveCfg = Release|Any CPU
		{88DE66A4-B55A-47DB-9C11-ADDC177F4B75}.Release|Any CPU.Build.0 = Release|Any CPU
	EndGlobalSection
	GlobalSection(SolutionProperties) = preSolution
		HideSolutionNode = FALSE
	EndGlobalSection
	GlobalSection(ExtensibilityGlobals) = postSolution
		SolutionGuid = {D854D47D-C431-44C6-A7C4-633E3002D11F}
	EndGlobalSection
EndGlobal
